// !$*UTF8*$!
{
	archiveVersion = 1;
	classes = {
	};
	objectVersion = 51;
	objects = {

/* Begin PBXBuildFile section */
		125AA11424B35A88000EE108 /* AppDelegate.swift in Sources */ = {isa = PBXBuildFile; fileRef = 125AA11324B35A88000EE108 /* AppDelegate.swift */; };
		125AA11624B35A88000EE108 /* SceneDelegate.swift in Sources */ = {isa = PBXBuildFile; fileRef = 125AA11524B35A88000EE108 /* SceneDelegate.swift */; };
		125AA11B24B35A88000EE108 /* Main.storyboard in Resources */ = {isa = PBXBuildFile; fileRef = 125AA11924B35A88000EE108 /* Main.storyboard */; };
		125AA11D24B35A8B000EE108 /* Assets.xcassets in Resources */ = {isa = PBXBuildFile; fileRef = 125AA11C24B35A8B000EE108 /* Assets.xcassets */; };
		125AA12024B35A8B000EE108 /* LaunchScreen.storyboard in Resources */ = {isa = PBXBuildFile; fileRef = 125AA11E24B35A8B000EE108 /* LaunchScreen.storyboard */; };
		125AA12C24B35C85000EE108 /* ListViewController.swift in Sources */ = {isa = PBXBuildFile; fileRef = 125AA12B24B35C85000EE108 /* ListViewController.swift */; };
		125AA12E24B35CB2000EE108 /* DetailViewController.swift in Sources */ = {isa = PBXBuildFile; fileRef = 125AA12D24B35CB2000EE108 /* DetailViewController.swift */; };
		125AA13424B35CE4000EE108 /* Contact.swift in Sources */ = {isa = PBXBuildFile; fileRef = 125AA13324B35CE4000EE108 /* Contact.swift */; };
		125AA13624B35DAB000EE108 /* ContactViewCell.swift in Sources */ = {isa = PBXBuildFile; fileRef = 125AA13524B35DAB000EE108 /* ContactViewCell.swift */; };
		12B9FF2424B760DB0042B17C /* ContactPresenter.swift in Sources */ = {isa = PBXBuildFile; fileRef = 12B9FF2324B760DB0042B17C /* ContactPresenter.swift */; };
		12B9FF2624B760ED0042B17C /* ContactProtocol.swift in Sources */ = {isa = PBXBuildFile; fileRef = 12B9FF2524B760ED0042B17C /* ContactProtocol.swift */; };
		12B9FF2824B761000042B17C /* ContactInteractor.swift in Sources */ = {isa = PBXBuildFile; fileRef = 12B9FF2724B761000042B17C /* ContactInteractor.swift */; };
		12B9FF2A24B7610C0042B17C /* ContactRouter.swift in Sources */ = {isa = PBXBuildFile; fileRef = 12B9FF2924B7610C0042B17C /* ContactRouter.swift */; };
		B5FE70039617C8EC8872384A /* Pods_simple_crud_contact_jenius.framework in Frameworks */ = {isa = PBXBuildFile; fileRef = 274C26AD2A8F6632CE82B81C /* Pods_simple_crud_contact_jenius.framework */; };
/* End PBXBuildFile section */

/* Begin PBXFileReference section */
		125AA11024B35A88000EE108 /* simple-crud-contact-jenius.app */ = {isa = PBXFileReference; explicitFileType = wrapper.application; includeInIndex = 0; path = "simple-crud-contact-jenius.app"; sourceTree = BUILT_PRODUCTS_DIR; };
		125AA11324B35A88000EE108 /* AppDelegate.swift */ = {isa = PBXFileReference; lastKnownFileType = sourcecode.swift; path = AppDelegate.swift; sourceTree = "<group>"; };
		125AA11524B35A88000EE108 /* SceneDelegate.swift */ = {isa = PBXFileReference; lastKnownFileType = sourcecode.swift; path = SceneDelegate.swift; sourceTree = "<group>"; };
		125AA11A24B35A88000EE108 /* Base */ = {isa = PBXFileReference; lastKnownFileType = file.storyboard; name = Base; path = Base.lproj/Main.storyboard; sourceTree = "<group>"; };
		125AA11C24B35A8B000EE108 /* Assets.xcassets */ = {isa = PBXFileReference; lastKnownFileType = folder.assetcatalog; path = Assets.xcassets; sourceTree = "<group>"; };
		125AA11F24B35A8B000EE108 /* Base */ = {isa = PBXFileReference; lastKnownFileType = file.storyboard; name = Base; path = Base.lproj/LaunchScreen.storyboard; sourceTree = "<group>"; };
		125AA12124B35A8B000EE108 /* Info.plist */ = {isa = PBXFileReference; lastKnownFileType = text.plist.xml; path = Info.plist; sourceTree = "<group>"; };
		125AA12B24B35C85000EE108 /* ListViewController.swift */ = {isa = PBXFileReference; lastKnownFileType = sourcecode.swift; path = ListViewController.swift; sourceTree = "<group>"; };
		125AA12D24B35CB2000EE108 /* DetailViewController.swift */ = {isa = PBXFileReference; lastKnownFileType = sourcecode.swift; path = DetailViewController.swift; sourceTree = "<group>"; };
		125AA13324B35CE4000EE108 /* Contact.swift */ = {isa = PBXFileReference; lastKnownFileType = sourcecode.swift; path = Contact.swift; sourceTree = "<group>"; };
		125AA13524B35DAB000EE108 /* ContactViewCell.swift */ = {isa = PBXFileReference; lastKnownFileType = sourcecode.swift; path = ContactViewCell.swift; sourceTree = "<group>"; };
		12B9FF2324B760DB0042B17C /* ContactPresenter.swift */ = {isa = PBXFileReference; lastKnownFileType = sourcecode.swift; path = ContactPresenter.swift; sourceTree = "<group>"; };
		12B9FF2524B760ED0042B17C /* ContactProtocol.swift */ = {isa = PBXFileReference; lastKnownFileType = sourcecode.swift; path = ContactProtocol.swift; sourceTree = "<group>"; };
		12B9FF2724B761000042B17C /* ContactInteractor.swift */ = {isa = PBXFileReference; lastKnownFileType = sourcecode.swift; path = ContactInteractor.swift; sourceTree = "<group>"; };
		12B9FF2924B7610C0042B17C /* ContactRouter.swift */ = {isa = PBXFileReference; lastKnownFileType = sourcecode.swift; path = ContactRouter.swift; sourceTree = "<group>"; };
		274C26AD2A8F6632CE82B81C /* Pods_simple_crud_contact_jenius.framework */ = {isa = PBXFileReference; explicitFileType = wrapper.framework; includeInIndex = 0; path = Pods_simple_crud_contact_jenius.framework; sourceTree = BUILT_PRODUCTS_DIR; };
		AAEEAB62FC27D02BA99890A1 /* Pods-simple-crud-contact-jenius.release.xcconfig */ = {isa = PBXFileReference; includeInIndex = 1; lastKnownFileType = text.xcconfig; name = "Pods-simple-crud-contact-jenius.release.xcconfig"; path = "Target Support Files/Pods-simple-crud-contact-jenius/Pods-simple-crud-contact-jenius.release.xcconfig"; sourceTree = "<group>"; };
		D8F277FEFA7B33AEEB171F77 /* Pods-simple-crud-contact-jenius.debug.xcconfig */ = {isa = PBXFileReference; includeInIndex = 1; lastKnownFileType = text.xcconfig; name = "Pods-simple-crud-contact-jenius.debug.xcconfig"; path = "Target Support Files/Pods-simple-crud-contact-jenius/Pods-simple-crud-contact-jenius.debug.xcconfig"; sourceTree = "<group>"; };
/* End PBXFileReference section */

/* Begin PBXFrameworksBuildPhase section */
		125AA10D24B35A88000EE108 /* Frameworks */ = {
			isa = PBXFrameworksBuildPhase;
			buildActionMask = 2147483647;
			files = (
				B5FE70039617C8EC8872384A /* Pods_simple_crud_contact_jenius.framework in Frameworks */,
			);
			runOnlyForDeploymentPostprocessing = 0;
		};
/* End PBXFrameworksBuildPhase section */

/* Begin PBXGroup section */
		125AA10724B35A88000EE108 = {
			isa = PBXGroup;
			children = (
				125AA11224B35A88000EE108 /* simple-crud-contact-jenius */,
				125AA11124B35A88000EE108 /* Products */,
				95268D4679CC7E75C18B23F1 /* Pods */,
				789B8D1C19EEA92FE702765A /* Frameworks */,
			);
			sourceTree = "<group>";
		};
		125AA11124B35A88000EE108 /* Products */ = {
			isa = PBXGroup;
			children = (
				125AA11024B35A88000EE108 /* simple-crud-contact-jenius.app */,
			);
			name = Products;
			sourceTree = "<group>";
		};
		125AA11224B35A88000EE108 /* simple-crud-contact-jenius */ = {
			isa = PBXGroup;
			children = (
				125AA11E24B35A8B000EE108 /* LaunchScreen.storyboard */,
				125AA11924B35A88000EE108 /* Main.storyboard */,
				12B9FF2224B75BC30042B17C /* entity */,
				12B9FF2124B75BBF0042B17C /* presenter */,
				12B9FF2024B75BB70042B17C /* protocol */,
				12B9FF1F24B75BA40042B17C /* route */,
				12B9FF1E24B75B940042B17C /* interactor */,
				125AA12824B35C37000EE108 /* view */,
				125AA11324B35A88000EE108 /* AppDelegate.swift */,
				125AA11524B35A88000EE108 /* SceneDelegate.swift */,
				125AA11C24B35A8B000EE108 /* Assets.xcassets */,
				125AA12124B35A8B000EE108 /* Info.plist */,
			);
			path = "simple-crud-contact-jenius";
			sourceTree = "<group>";
		};
		125AA12824B35C37000EE108 /* view */ = {
			isa = PBXGroup;
			children = (
				125AA12B24B35C85000EE108 /* ListViewController.swift */,
				125AA12D24B35CB2000EE108 /* DetailViewController.swift */,
				125AA13524B35DAB000EE108 /* ContactViewCell.swift */,
			);
			path = view;
			sourceTree = "<group>";
		};
		12B9FF1E24B75B940042B17C /* interactor */ = {
			isa = PBXGroup;
			children = (
				12B9FF2724B761000042B17C /* ContactInteractor.swift */,
			);
			path = interactor;
			sourceTree = "<group>";
		};
		12B9FF1F24B75BA40042B17C /* route */ = {
			isa = PBXGroup;
			children = (
				12B9FF2924B7610C0042B17C /* ContactRouter.swift */,
			);
			path = route;
			sourceTree = "<group>";
		};
		12B9FF2024B75BB70042B17C /* protocol */ = {
			isa = PBXGroup;
			children = (
				12B9FF2524B760ED0042B17C /* ContactProtocol.swift */,
			);
			path = protocol;
			sourceTree = "<group>";
		};
		12B9FF2124B75BBF0042B17C /* presenter */ = {
			isa = PBXGroup;
			children = (
				12B9FF2324B760DB0042B17C /* ContactPresenter.swift */,
			);
			path = presenter;
			sourceTree = "<group>";
		};
		12B9FF2224B75BC30042B17C /* entity */ = {
			isa = PBXGroup;
			children = (
				125AA13324B35CE4000EE108 /* Contact.swift */,
			);
			path = entity;
			sourceTree = "<group>";
		};
		789B8D1C19EEA92FE702765A /* Frameworks */ = {
			isa = PBXGroup;
			children = (
				274C26AD2A8F6632CE82B81C /* Pods_simple_crud_contact_jenius.framework */,
			);
			name = Frameworks;
			sourceTree = "<group>";
		};
		95268D4679CC7E75C18B23F1 /* Pods */ = {
			isa = PBXGroup;
			children = (
				D8F277FEFA7B33AEEB171F77 /* Pods-simple-crud-contact-jenius.debug.xcconfig */,
				AAEEAB62FC27D02BA99890A1 /* Pods-simple-crud-contact-jenius.release.xcconfig */,
			);
			path = Pods;
			sourceTree = "<group>";
		};
/* End PBXGroup section */

/* Begin PBXNativeTarget section */
		125AA10F24B35A88000EE108 /* simple-crud-contact-jenius */ = {
			isa = PBXNativeTarget;
			buildConfigurationList = 125AA12424B35A8B000EE108 /* Build configuration list for PBXNativeTarget "simple-crud-contact-jenius" */;
			buildPhases = (
				2C5A61004B39EE8A0AC1F14D /* [CP] Check Pods Manifest.lock */,
				125AA10C24B35A88000EE108 /* Sources */,
				125AA10D24B35A88000EE108 /* Frameworks */,
				125AA10E24B35A88000EE108 /* Resources */,
				68DCD60589675E920761874B /* [CP] Embed Pods Frameworks */,
			);
			buildRules = (
			);
			dependencies = (
			);
			name = "simple-crud-contact-jenius";
			productName = "simple-crud-contact-jenius";
			productReference = 125AA11024B35A88000EE108 /* simple-crud-contact-jenius.app */;
			productType = "com.apple.product-type.application";
		};
/* End PBXNativeTarget section */

/* Begin PBXProject section */
		125AA10824B35A88000EE108 /* Project object */ = {
			isa = PBXProject;
			attributes = {
				LastSwiftUpdateCheck = 1130;
				LastUpgradeCheck = 1130;
				ORGANIZATIONNAME = "Adhika gunadarma";
				TargetAttributes = {
					125AA10F24B35A88000EE108 = {
						CreatedOnToolsVersion = 11.3.1;
					};
				};
			};
			buildConfigurationList = 125AA10B24B35A88000EE108 /* Build configuration list for PBXProject "simple-crud-contact-jenius" */;
			compatibilityVersion = "Xcode 9.3";
			developmentRegion = en;
			hasScannedForEncodings = 0;
			knownRegions = (
				en,
				Base,
			);
			mainGroup = 125AA10724B35A88000EE108;
			productRefGroup = 125AA11124B35A88000EE108 /* Products */;
			projectDirPath = "";
			projectRoot = "";
			targets = (
				125AA10F24B35A88000EE108 /* simple-crud-contact-jenius */,
			);
		};
/* End PBXProject section */

/* Begin PBXResourcesBuildPhase section */
		125AA10E24B35A88000EE108 /* Resources */ = {
			isa = PBXResourcesBuildPhase;
			buildActionMask = 2147483647;
			files = (
				125AA12024B35A8B000EE108 /* LaunchScreen.storyboard in Resources */,
				125AA11D24B35A8B000EE108 /* Assets.xcassets in Resources */,
				125AA11B24B35A88000EE108 /* Main.storyboard in Resources */,
			);
			runOnlyForDeploymentPostprocessing = 0;
		};
/* End PBXResourcesBuildPhase section */

/* Begin PBXShellScriptBuildPhase section */
		2C5A61004B39EE8A0AC1F14D /* [CP] Check Pods Manifest.lock */ = {
			isa = PBXShellScriptBuildPhase;
			buildActionMask = 2147483647;
			files = (
			);
			inputFileListPaths = (
			);
			inputPaths = (
				"${PODS_PODFILE_DIR_PATH}/Podfile.lock",
				"${PODS_ROOT}/Manifest.lock",
			);
			name = "[CP] Check Pods Manifest.lock";
			outputFileListPaths = (
			);
			outputPaths = (
				"$(DERIVED_FILE_DIR)/Pods-simple-crud-contact-jenius-checkManifestLockResult.txt",
			);
			runOnlyForDeploymentPostprocessing = 0;
			shellPath = /bin/sh;
			shellScript = "diff \"${PODS_PODFILE_DIR_PATH}/Podfile.lock\" \"${PODS_ROOT}/Manifest.lock\" > /dev/null\nif [ $? != 0 ] ; then\n    # print error to STDERR\n    echo \"error: The sandbox is not in sync with the Podfile.lock. Run 'pod install' or update your CocoaPods installation.\" >&2\n    exit 1\nfi\n# This output is used by Xcode 'outputs' to avoid re-running this script phase.\necho \"SUCCESS\" > \"${SCRIPT_OUTPUT_FILE_0}\"\n";
			showEnvVarsInLog = 0;
		};
		68DCD60589675E920761874B /* [CP] Embed Pods Frameworks */ = {
			isa = PBXShellScriptBuildPhase;
			buildActionMask = 2147483647;
			files = (
			);
			inputFileListPaths = (
				"${PODS_ROOT}/Target Support Files/Pods-simple-crud-contact-jenius/Pods-simple-crud-contact-jenius-frameworks-${CONFIGURATION}-input-files.xcfilelist",
			);
			name = "[CP] Embed Pods Frameworks";
			outputFileListPaths = (
				"${PODS_ROOT}/Target Support Files/Pods-simple-crud-contact-jenius/Pods-simple-crud-contact-jenius-frameworks-${CONFIGURATION}-output-files.xcfilelist",
			);
			runOnlyForDeploymentPostprocessing = 0;
			shellPath = /bin/sh;
			shellScript = "\"${PODS_ROOT}/Target Support Files/Pods-simple-crud-contact-jenius/Pods-simple-crud-contact-jenius-frameworks.sh\"\n";
			showEnvVarsInLog = 0;
		};
/* End PBXShellScriptBuildPhase section */

/* Begin PBXSourcesBuildPhase section */
		125AA10C24B35A88000EE108 /* Sources */ = {
			isa = PBXSourcesBuildPhase;
			buildActionMask = 2147483647;
			files = (
				125AA11424B35A88000EE108 /* AppDelegate.swift in Sources */,
				125AA11624B35A88000EE108 /* SceneDelegate.swift in Sources */,
				125AA12C24B35C85000EE108 /* ListViewController.swift in Sources */,
				12B9FF2424B760DB0042B17C /* ContactPresenter.swift in Sources */,
				125AA12E24B35CB2000EE108 /* DetailViewController.swift in Sources */,
				125AA13424B35CE4000EE108 /* Contact.swift in Sources */,
				12B9FF2624B760ED0042B17C /* ContactProtocol.swift in Sources */,
				125AA13624B35DAB000EE108 /* ContactViewCell.swift in Sources */,
				12B9FF2824B761000042B17C /* ContactInteractor.swift in Sources */,
				12B9FF2A24B7610C0042B17C /* ContactRouter.swift in Sources */,
			);
			runOnlyForDeploymentPostprocessing = 0;
		};
/* End PBXSourcesBuildPhase section */

/* Begin PBXVariantGroup section */
		125AA11924B35A88000EE108 /* Main.storyboard */ = {
			isa = PBXVariantGroup;
			children = (
				125AA11A24B35A88000EE108 /* Base */,
			);
			name = Main.storyboard;
			sourceTree = "<group>";
		};
		125AA11E24B35A8B000EE108 /* LaunchScreen.storyboard */ = {
			isa = PBXVariantGroup;
			children = (
				125AA11F24B35A8B000EE108 /* Base */,
			);
			name = LaunchScreen.storyboard;
			sourceTree = "<group>";
		};
/* End PBXVariantGroup section */

/* Begin XCBuildConfiguration section */
		125AA12224B35A8B000EE108 /* Debug */ = {
			isa = XCBuildConfiguration;
			buildSettings = {
				ALWAYS_SEARCH_USER_PATHS = NO;
				CLANG_ANALYZER_NONNULL = YES;
				CLANG_ANALYZER_NUMBER_OBJECT_CONVERSION = YES_AGGRESSIVE;
				CLANG_CXX_LANGUAGE_STANDARD = "gnu++14";
				CLANG_CXX_LIBRARY = "libc++";
				CLANG_ENABLE_MODULES = YES;
				CLANG_ENABLE_OBJC_ARC = YES;
				CLANG_ENABLE_OBJC_WEAK = YES;
				CLANG_WARN_BLOCK_CAPTURE_AUTORELEASING = YES;
				CLANG_WARN_BOOL_CONVERSION = YES;
				CLANG_WARN_COMMA = YES;
				CLANG_WARN_CONSTANT_CONVERSION = YES;
				CLANG_WARN_DEPRECATED_OBJC_IMPLEMENTATIONS = YES;
				CLANG_WARN_DIRECT_OBJC_ISA_USAGE = YES_ERROR;
				CLANG_WARN_DOCUMENTATION_COMMENTS = YES;
				CLANG_WARN_EMPTY_BODY = YES;
				CLANG_WARN_ENUM_CONVERSION = YES;
				CLANG_WARN_INFINITE_RECURSION = YES;
				CLANG_WARN_INT_CONVERSION = YES;
				CLANG_WARN_NON_LITERAL_NULL_CONVERSION = YES;
				CLANG_WARN_OBJC_IMPLICIT_RETAIN_SELF = YES;
				CLANG_WARN_OBJC_LITERAL_CONVERSION = YES;
				CLANG_WARN_OBJC_ROOT_CLASS = YES_ERROR;
				CLANG_WARN_RANGE_LOOP_ANALYSIS = YES;
				CLANG_WARN_STRICT_PROTOTYPES = YES;
				CLANG_WARN_SUSPICIOUS_MOVE = YES;
				CLANG_WARN_UNGUARDED_AVAILABILITY = YES_AGGRESSIVE;
				CLANG_WARN_UNREACHABLE_CODE = YES;
				CLANG_WARN__DUPLICATE_METHOD_MATCH = YES;
				COPY_PHASE_STRIP = NO;
				DEBUG_INFORMATION_FORMAT = dwarf;
				ENABLE_STRICT_OBJC_MSGSEND = YES;
				ENABLE_TESTABILITY = YES;
				GCC_C_LANGUAGE_STANDARD = gnu11;
				GCC_DYNAMIC_NO_PIC = NO;
				GCC_NO_COMMON_BLOCKS = YES;
				GCC_OPTIMIZATION_LEVEL = 0;
				GCC_PREPROCESSOR_DEFINITIONS = (
					"DEBUG=1",
					"$(inherited)",
				);
				GCC_WARN_64_TO_32_BIT_CONVERSION = YES;
				GCC_WARN_ABOUT_RETURN_TYPE = YES_ERROR;
				GCC_WARN_UNDECLARED_SELECTOR = YES;
				GCC_WARN_UNINITIALIZED_AUTOS = YES_AGGRESSIVE;
				GCC_WARN_UNUSED_FUNCTION = YES;
				GCC_WARN_UNUSED_VARIABLE = YES;
				IPHONEOS_DEPLOYMENT_TARGET = 13.2;
				MTL_ENABLE_DEBUG_INFO = INCLUDE_SOURCE;
				MTL_FAST_MATH = YES;
				ONLY_ACTIVE_ARCH = YES;
				SDKROOT = iphoneos;
				SWIFT_ACTIVE_COMPILATION_CONDITIONS = DEBUG;
				SWIFT_OPTIMIZATION_LEVEL = "-Onone";
			};
			name = Debug;
		};
		125AA12324B35A8B000EE108 /* Release */ = {
			isa = XCBuildConfiguration;
			buildSettings = {
				ALWAYS_SEARCH_USER_PATHS = NO;
				CLANG_ANALYZER_NONNULL = YES;
				CLANG_ANALYZER_NUMBER_OBJECT_CONVERSION = YES_AGGRESSIVE;
				CLANG_CXX_LANGUAGE_STANDARD = "gnu++14";
				CLANG_CXX_LIBRARY = "libc++";
				CLANG_ENABLE_MODULES = YES;
				CLANG_ENABLE_OBJC_ARC = YES;
				CLANG_ENABLE_OBJC_WEAK = YES;
				CLANG_WARN_BLOCK_CAPTURE_AUTORELEASING = YES;
				CLANG_WARN_BOOL_CONVERSION = YES;
				CLANG_WARN_COMMA = YES;
				CLANG_WARN_CONSTANT_CONVERSION = YES;
				CLANG_WARN_DEPRECATED_OBJC_IMPLEMENTATIONS = YES;
				CLANG_WARN_DIRECT_OBJC_ISA_USAGE = YES_ERROR;
				CLANG_WARN_DOCUMENTATION_COMMENTS = YES;
				CLANG_WARN_EMPTY_BODY = YES;
				CLANG_WARN_ENUM_CONVERSION = YES;
				CLANG_WARN_INFINITE_RECURSION = YES;
				CLANG_WARN_INT_CONVERSION = YES;
				CLANG_WARN_NON_LITERAL_NULL_CONVERSION = YES;
				CLANG_WARN_OBJC_IMPLICIT_RETAIN_SELF = YES;
				CLANG_WARN_OBJC_LITERAL_CONVERSION = YES;
				CLANG_WARN_OBJC_ROOT_CLASS = YES_ERROR;
				CLANG_WARN_RANGE_LOOP_ANALYSIS = YES;
				CLANG_WARN_STRICT_PROTOTYPES = YES;
				CLANG_WARN_SUSPICIOUS_MOVE = YES;
				CLANG_WARN_UNGUARDED_AVAILABILITY = YES_AGGRESSIVE;
				CLANG_WARN_UNREACHABLE_CODE = YES;
				CLANG_WARN__DUPLICATE_METHOD_MATCH = YES;
				COPY_PHASE_STRIP = NO;
				DEBUG_INFORMATION_FORMAT = "dwarf-with-dsym";
				ENABLE_NS_ASSERTIONS = NO;
				ENABLE_STRICT_OBJC_MSGSEND = YES;
				GCC_C_LANGUAGE_STANDARD = gnu11;
				GCC_NO_COMMON_BLOCKS = YES;
				GCC_WARN_64_TO_32_BIT_CONVERSION = YES;
				GCC_WARN_ABOUT_RETURN_TYPE = YES_ERROR;
				GCC_WARN_UNDECLARED_SELECTOR = YES;
				GCC_WARN_UNINITIALIZED_AUTOS = YES_AGGRESSIVE;
				GCC_WARN_UNUSED_FUNCTION = YES;
				GCC_WARN_UNUSED_VARIABLE = YES;
				IPHONEOS_DEPLOYMENT_TARGET = 13.2;
				MTL_ENABLE_DEBUG_INFO = NO;
				MTL_FAST_MATH = YES;
				SDKROOT = iphoneos;
				SWIFT_COMPILATION_MODE = wholemodule;
				SWIFT_OPTIMIZATION_LEVEL = "-O";
				VALIDATE_PRODUCT = YES;
			};
			name = Release;
		};
		125AA12524B35A8B000EE108 /* Debug */ = {
			isa = XCBuildConfiguration;
			baseConfigurationReference = D8F277FEFA7B33AEEB171F77 /* Pods-simple-crud-contact-jenius.debug.xcconfig */;
			buildSettings = {
				ASSETCATALOG_COMPILER_APPICON_NAME = AppIcon;
				CODE_SIGN_STYLE = Automatic;
				INFOPLIST_FILE = "simple-crud-contact-jenius/Info.plist";
				LD_RUNPATH_SEARCH_PATHS = (
					"$(inherited)",
					"@executable_path/Frameworks",
				);
				PRODUCT_BUNDLE_IDENTIFIER = "adhikagunadarma.example.contactheroku.simple-crud-contact-jenius";
				PRODUCT_NAME = "$(TARGET_NAME)";
				SWIFT_VERSION = 5.0;
				TARGETED_DEVICE_FAMILY = "1,2";
			};
			name = Debug;
		};
		125AA12624B35A8B000EE108 /* Release */ = {
			isa = XCBuildConfiguration;
			baseConfigurationReference = AAEEAB62FC27D02BA99890A1 /* Pods-simple-crud-contact-jenius.release.xcconfig */;
			buildSettings = {
				ASSETCATALOG_COMPILER_APPICON_NAME = AppIcon;
				CODE_SIGN_STYLE = Automatic;
				INFOPLIST_FILE = "simple-crud-contact-jenius/Info.plist";
				LD_RUNPATH_SEARCH_PATHS = (
					"$(inherited)",
					"@executable_path/Frameworks",
				);
				PRODUCT_BUNDLE_IDENTIFIER = "adhikagunadarma.example.contactheroku.simple-crud-contact-jenius";
				PRODUCT_NAME = "$(TARGET_NAME)";
				SWIFT_VERSION = 5.0;
				TARGETED_DEVICE_FAMILY = "1,2";
			};
			name = Release;
		};
/* End XCBuildConfiguration section */

/* Begin XCConfigurationList section */
		125AA10B24B35A88000EE108 /* Build configuration list for PBXProject "simple-crud-contact-jenius" */ = {
			isa = XCConfigurationList;
			buildConfigurations = (
				125AA12224B35A8B000EE108 /* Debug */,
				125AA12324B35A8B000EE108 /* Release */,
			);
			defaultConfigurationIsVisible = 0;
			defaultConfigurationName = Release;
		};
		125AA12424B35A8B000EE108 /* Build configuration list for PBXNativeTarget "simple-crud-contact-jenius" */ = {
			isa = XCConfigurationList;
			buildConfigurations = (
				125AA12524B35A8B000EE108 /* Debug */,
				125AA12624B35A8B000EE108 /* Release */,
			);
			defaultConfigurationIsVisible = 0;
			defaultConfigurationName = Release;
		};
/* End XCConfigurationList section */
	};
	rootObject = 125AA10824B35A88000EE108 /* Project object */;
}
